
Microsoft Visual Studio Solution File, Format Version 12.00
# Visual Studio Version 16
VisualStudioVersion = 16.0.29709.97
MinimumVisualStudioVersion = 10.0.40219.1
Project("{FAE04EC0-301F-11D3-BF4B-00C04F79EFBC}") = "Practice", "Practice\Practice.csproj", "{F7CDCA81-CFC3-41B0-95FB-6D28A09283DF}"
EndProject
Global
	GlobalSection(SolutionConfigurationPlatforms) = preSolution
		Debug|Any CPU = Debug|Any CPU
		Release|Any CPU = Release|Any CPU
	EndGlobalSection
	GlobalSection(ProjectConfigurationPlatforms) = postSolution
		{F7CDCA81-CFC3-41B0-95FB-6D28A09283DF}.Debug|Any CPU.ActiveCfg = Debug|Any CPU
		{F7CDCA81-CFC3-41B0-95FB-6D28A09283DF}.Debug|Any CPU.Build.0 = Debug|Any CPU
		{F7CDCA81-CFC3-41B0-95FB-6D28A09283DF}.Release|Any CPU.ActiveCfg = Release|Any CPU
		{F7CDCA81-CFC3-41B0-95FB-6D28A09283DF}.Release|Any CPU.Build.0 = Release|Any CPU
	EndGlobalSection
	GlobalSection(SolutionProperties) = preSolution
		HideSolutionNode = FALSE
	EndGlobalSection
	GlobalSection(ExtensibilityGlobals) = postSolution
		SolutionGuid = {8C043AB4-A553-40D8-8180-582E906D0AF1}
	EndGlobalSection
EndGlobal
